
Microsoft Visual Studio Solution File, Format Version 12.00
# Visual Studio Version 16
VisualStudioVersion = 16.0.31205.134
MinimumVisualStudioVersion = 10.0.40219.1
Project("{FAE04EC0-301F-11D3-BF4B-00C04F79EFBC}") = "Generics", "Generics.csproj", "{E785A1E2-BBC1-45A2-A2EA-64304CCCF821}"
EndProject
Global
	GlobalSection(SolutionConfigurationPlatforms) = preSolution
		Debug|Any CPU = Debug|Any CPU
		Release|Any CPU = Release|Any CPU
	EndGlobalSection
	GlobalSection(ProjectConfigurationPlatforms) = postSolution
		{E785A1E2-BBC1-45A2-A2EA-64304CCCF821}.Debug|Any CPU.ActiveCfg = Debug|Any CPU
		{E785A1E2-BBC1-45A2-A2EA-64304CCCF821}.Debug|Any CPU.Build.0 = Debug|Any CPU
		{E785A1E2-BBC1-45A2-A2EA-64304CCCF821}.Release|Any CPU.ActiveCfg = Release|Any CPU
		{E785A1E2-BBC1-45A2-A2EA-64304CCCF821}.Release|Any CPU.Build.0 = Release|Any CPU
	EndGlobalSection
	GlobalSection(SolutionProperties) = preSolution
		HideSolutionNode = FALSE
	EndGlobalSection
	GlobalSection(ExtensibilityGlobals) = postSolution
		SolutionGuid = {3F410194-64BF-417E-9767-947BFC3D708A}
	EndGlobalSection
EndGlobal
