
Microsoft Visual Studio Solution File, Format Version 12.00
# Visual Studio Version 16
VisualStudioVersion = 16.0.31205.134
MinimumVisualStudioVersion = 10.0.40219.1
Project("{FAE04EC0-301F-11D3-BF4B-00C04F79EFBC}") = "AsynchronyMultithreading", "AsynchronyMultithreading.csproj", "{2EA4857B-BAD1-48D0-8094-EAAF503C63FA}"
EndProject
Global
	GlobalSection(SolutionConfigurationPlatforms) = preSolution
		Debug|Any CPU = Debug|Any CPU
		Release|Any CPU = Release|Any CPU
	EndGlobalSection
	GlobalSection(ProjectConfigurationPlatforms) = postSolution
		{2EA4857B-BAD1-48D0-8094-EAAF503C63FA}.Debug|Any CPU.ActiveCfg = Debug|Any CPU
		{2EA4857B-BAD1-48D0-8094-EAAF503C63FA}.Debug|Any CPU.Build.0 = Debug|Any CPU
		{2EA4857B-BAD1-48D0-8094-EAAF503C63FA}.Release|Any CPU.ActiveCfg = Release|Any CPU
		{2EA4857B-BAD1-48D0-8094-EAAF503C63FA}.Release|Any CPU.Build.0 = Release|Any CPU
	EndGlobalSection
	GlobalSection(SolutionProperties) = preSolution
		HideSolutionNode = FALSE
	EndGlobalSection
	GlobalSection(ExtensibilityGlobals) = postSolution
		SolutionGuid = {3F1EE317-8544-407F-99DA-3ED87D2DAC15}
	EndGlobalSection
EndGlobal
